
Microsoft Visual Studio Solution File, Format Version 12.00
# Visual Studio Version 16
VisualStudioVersion = 16.0.29613.14
MinimumVisualStudioVersion = 10.0.40219.1
Project("{FAE04EC0-301F-11D3-BF4B-00C04F79EFBC}") = "Slot-Machine", "Slot-Machine\Slot-Machine.csproj", "{A624F1EE-F6F6-4E89-8181-511AE6454498}"
EndProject
Global
	GlobalSection(SolutionConfigurationPlatforms) = preSolution
		Debug|Any CPU = Debug|Any CPU
		Release|Any CPU = Release|Any CPU
	EndGlobalSection
	GlobalSection(ProjectConfigurationPlatforms) = postSolution
		{A624F1EE-F6F6-4E89-8181-511AE6454498}.Debug|Any CPU.ActiveCfg = Debug|Any CPU
		{A624F1EE-F6F6-4E89-8181-511AE6454498}.Debug|Any CPU.Build.0 = Debug|Any CPU
		{A624F1EE-F6F6-4E89-8181-511AE6454498}.Release|Any CPU.ActiveCfg = Release|Any CPU
		{A624F1EE-F6F6-4E89-8181-511AE6454498}.Release|Any CPU.Build.0 = Release|Any CPU
	EndGlobalSection
	GlobalSection(SolutionProperties) = preSolution
		HideSolutionNode = FALSE
	EndGlobalSection
	GlobalSection(ExtensibilityGlobals) = postSolution
		SolutionGuid = {6A2165B3-195B-4402-9995-84A1EDB9DA8E}
	EndGlobalSection
EndGlobal
